// !$*UTF8*$!
{
	archiveVersion = 1;
	classes = {
	};
	objectVersion = 50;
	objects = {

/* Begin PBXBuildFile section */
		340F5F4A246E1F80008342F2 /* UIApplication.swift in Sources */ = {isa = PBXBuildFile; fileRef = 340F5F49246E1F80008342F2 /* UIApplication.swift */; };
		340F5F4C246E21AE008342F2 /* TableViewCellAccessory.swift in Sources */ = {isa = PBXBuildFile; fileRef = 340F5F4B246E21AE008342F2 /* TableViewCellAccessory.swift */; };
		345139342469F10300EE21D6 /* UserTableViewController.swift in Sources */ = {isa = PBXBuildFile; fileRef = 345139332469F10300EE21D6 /* UserTableViewController.swift */; };
		3451399D246DDB6400EE21D6 /* UIStoryboard.swift in Sources */ = {isa = PBXBuildFile; fileRef = 3451399C246DDB6400EE21D6 /* UIStoryboard.swift */; };
		3451399F246DFE8B00EE21D6 /* UserTableViewCell.swift in Sources */ = {isa = PBXBuildFile; fileRef = 3451399E246DFE8B00EE21D6 /* UserTableViewCell.swift */; };
		345767A1246E604000322387 /* TimeZone.swift in Sources */ = {isa = PBXBuildFile; fileRef = 345767A0246E604000322387 /* TimeZone.swift */; };
		345A89FD246F6D79004676E0 /* User+ImageSize.swift in Sources */ = {isa = PBXBuildFile; fileRef = 34EC17AE2466163000CA873F /* User+ImageSize.swift */; };
		345A8A012471E14A004676E0 /* UserImageCache.swift in Sources */ = {isa = PBXBuildFile; fileRef = 345A8A002471E14A004676E0 /* UserImageCache.swift */; };
		34E76ACC246F4CBF0030AE73 /* UserSearchCellViewModel.swift in Sources */ = {isa = PBXBuildFile; fileRef = 34E76ACB246F4CBF0030AE73 /* UserSearchCellViewModel.swift */; };
		34E76ACF246F4D380030AE73 /* User+PersonNameComponents.swift in Sources */ = {isa = PBXBuildFile; fileRef = 34E76ACE246F4D380030AE73 /* User+PersonNameComponents.swift */; };
		34E76AD1246F51EA0030AE73 /* User+PostalAddress.swift in Sources */ = {isa = PBXBuildFile; fileRef = 34E76AD0246F51EA0030AE73 /* User+PostalAddress.swift */; };
		34E76AD3246F52610030AE73 /* User+CountryFlag.swift in Sources */ = {isa = PBXBuildFile; fileRef = 34E76AD2246F52610030AE73 /* User+CountryFlag.swift */; };
		34E76AD5246F5A460030AE73 /* UserDisplayNameFormatter.swift in Sources */ = {isa = PBXBuildFile; fileRef = 34E76AD4246F5A460030AE73 /* UserDisplayNameFormatter.swift */; };
		34EC178D2466066900CA873F /* AppDelegate.swift in Sources */ = {isa = PBXBuildFile; fileRef = 34EC178C2466066900CA873F /* AppDelegate.swift */; };
		34EC178F2466066900CA873F /* SceneDelegate.swift in Sources */ = {isa = PBXBuildFile; fileRef = 34EC178E2466066900CA873F /* SceneDelegate.swift */; };
		34EC17912466066900CA873F /* SearchSplitViewController.swift in Sources */ = {isa = PBXBuildFile; fileRef = 34EC17902466066900CA873F /* SearchSplitViewController.swift */; };
		34EC17942466066900CA873F /* Main.storyboard in Resources */ = {isa = PBXBuildFile; fileRef = 34EC17922466066900CA873F /* Main.storyboard */; };
		34EC17962466066B00CA873F /* Assets.xcassets in Resources */ = {isa = PBXBuildFile; fileRef = 34EC17952466066B00CA873F /* Assets.xcassets */; };
		34EC17992466066B00CA873F /* LaunchScreen.storyboard in Resources */ = {isa = PBXBuildFile; fileRef = 34EC17972466066B00CA873F /* LaunchScreen.storyboard */; };
		34EC179F246608C500CA873F /* UserSearchTableViewController.swift in Sources */ = {isa = PBXBuildFile; fileRef = 34EC179E246608C500CA873F /* UserSearchTableViewController.swift */; };
		34EC17A7246613A400CA873F /* User.swift in Sources */ = {isa = PBXBuildFile; fileRef = 34EC17A6246613A400CA873F /* User.swift */; };
		34EC17A9246615DE00CA873F /* User+Location.swift in Sources */ = {isa = PBXBuildFile; fileRef = 34EC17A8246615DE00CA873F /* User+Location.swift */; };
		34EC17AB246615F900CA873F /* User+Name.swift in Sources */ = {isa = PBXBuildFile; fileRef = 34EC17AA246615F900CA873F /* User+Name.swift */; };
		34EC17AD2466161300CA873F /* User+PhoneNumbers.swift in Sources */ = {isa = PBXBuildFile; fileRef = 34EC17AC2466161300CA873F /* User+PhoneNumbers.swift */; };
		34EC17B12466164500CA873F /* User+Nationality.swift in Sources */ = {isa = PBXBuildFile; fileRef = 34EC17B02466164500CA873F /* User+Nationality.swift */; };
		34EC17C4246616FD00CA873F /* TestFixtures.swift in Sources */ = {isa = PBXBuildFile; fileRef = 34EC17C3246616FD00CA873F /* TestFixtures.swift */; };
		34EC17C6246617D800CA873F /* singleUser.json in Resources */ = {isa = PBXBuildFile; fileRef = 34EC17C5246617D800CA873F /* singleUser.json */; };
		34EC17C82466181D00CA873F /* UserTests.swift in Sources */ = {isa = PBXBuildFile; fileRef = 34EC17C72466181D00CA873F /* UserTests.swift */; };
		34EC17C92466186400CA873F /* User.swift in Sources */ = {isa = PBXBuildFile; fileRef = 34EC17A6246613A400CA873F /* User.swift */; };
		34EC17CA2466186400CA873F /* User+Name.swift in Sources */ = {isa = PBXBuildFile; fileRef = 34EC17AA246615F900CA873F /* User+Name.swift */; };
		34EC17CB2466186400CA873F /* User+Location.swift in Sources */ = {isa = PBXBuildFile; fileRef = 34EC17A8246615DE00CA873F /* User+Location.swift */; };
		34EC17CC2466186400CA873F /* User+PhoneNumbers.swift in Sources */ = {isa = PBXBuildFile; fileRef = 34EC17AC2466161300CA873F /* User+PhoneNumbers.swift */; };
		34EC17CD2466186400CA873F /* User+ImageSize.swift in Sources */ = {isa = PBXBuildFile; fileRef = 34EC17AE2466163000CA873F /* User+ImageSize.swift */; };
		34EC17CE2466186400CA873F /* User+Nationality.swift in Sources */ = {isa = PBXBuildFile; fileRef = 34EC17B02466164500CA873F /* User+Nationality.swift */; };
		34EC17D02466192000CA873F /* UserSearchResponse.swift in Sources */ = {isa = PBXBuildFile; fileRef = 34EC17CF2466192000CA873F /* UserSearchResponse.swift */; };
		34EC17D22466195400CA873F /* UserSearchResponseTests.swift in Sources */ = {isa = PBXBuildFile; fileRef = 34EC17D12466195400CA873F /* UserSearchResponseTests.swift */; };
		34EC17D4246619AE00CA873F /* singleUserSearchResponse.json in Resources */ = {isa = PBXBuildFile; fileRef = 34EC17D3246619AE00CA873F /* singleUserSearchResponse.json */; };
		34EC17D5246619C200CA873F /* UserSearchResponse.swift in Sources */ = {isa = PBXBuildFile; fileRef = 34EC17CF2466192000CA873F /* UserSearchResponse.swift */; };
		34EC17D724661A8300CA873F /* emptyUserSearchResponse.json in Resources */ = {isa = PBXBuildFile; fileRef = 34EC17D624661A8300CA873F /* emptyUserSearchResponse.json */; };
		34EC17D924661AC800CA873F /* multipleUserSearchResponse.json in Resources */ = {isa = PBXBuildFile; fileRef = 34EC17D824661AC800CA873F /* multipleUserSearchResponse.json */; };
		34EC17DC246621B500CA873F /* UsersDataProvider.swift in Sources */ = {isa = PBXBuildFile; fileRef = 34EC17DB246621B500CA873F /* UsersDataProvider.swift */; };
		34EC17DF246621EE00CA873F /* UsersService.swift in Sources */ = {isa = PBXBuildFile; fileRef = 34EC17DE246621EE00CA873F /* UsersService.swift */; };
		34EC17E22466227100CA873F /* UserSearchViewModel.swift in Sources */ = {isa = PBXBuildFile; fileRef = 34EC17E12466227100CA873F /* UserSearchViewModel.swift */; };
		34EC17E72466259D00CA873F /* DefaultUsersDataProvider.swift in Sources */ = {isa = PBXBuildFile; fileRef = 34EC17E62466259D00CA873F /* DefaultUsersDataProvider.swift */; };
		34EC17E9246625C100CA873F /* HerokuV1UsersService.swift in Sources */ = {isa = PBXBuildFile; fileRef = 34EC17E8246625C100CA873F /* HerokuV1UsersService.swift */; };
		34EC17EC24663BE500CA873F /* Error.swift in Sources */ = {isa = PBXBuildFile; fileRef = 34EC17EB24663BE500CA873F /* Error.swift */; };
		34EC17EE2469BBAE00CA873F /* UserSearchTableViewCell.swift in Sources */ = {isa = PBXBuildFile; fileRef = 34EC17ED2469BBAE00CA873F /* UserSearchTableViewCell.swift */; };
		34EC17F02469C3F800CA873F /* UserViewModel.swift in Sources */ = {isa = PBXBuildFile; fileRef = 34EC17EF2469C3F800CA873F /* UserViewModel.swift */; };
/* End PBXBuildFile section */

/* Begin PBXContainerItemProxy section */
		34EC17BB246616D700CA873F /* PBXContainerItemProxy */ = {
			isa = PBXContainerItemProxy;
			containerPortal = 34EC177F2465FF7600CA873F /* Project object */;
			proxyType = 1;
			remoteGlobalIDString = 34EC17882466066900CA873F;
			remoteInfo = "Directory-iOS";
		};
/* End PBXContainerItemProxy section */

/* Begin PBXFileReference section */
		340F5F49246E1F80008342F2 /* UIApplication.swift */ = {isa = PBXFileReference; lastKnownFileType = sourcecode.swift; path = UIApplication.swift; sourceTree = "<group>"; };
		340F5F4B246E21AE008342F2 /* TableViewCellAccessory.swift */ = {isa = PBXFileReference; lastKnownFileType = sourcecode.swift; path = TableViewCellAccessory.swift; sourceTree = "<group>"; };
		345139332469F10300EE21D6 /* UserTableViewController.swift */ = {isa = PBXFileReference; lastKnownFileType = sourcecode.swift; path = UserTableViewController.swift; sourceTree = "<group>"; };
		3451399C246DDB6400EE21D6 /* UIStoryboard.swift */ = {isa = PBXFileReference; lastKnownFileType = sourcecode.swift; path = UIStoryboard.swift; sourceTree = "<group>"; };
		3451399E246DFE8B00EE21D6 /* UserTableViewCell.swift */ = {isa = PBXFileReference; lastKnownFileType = sourcecode.swift; path = UserTableViewCell.swift; sourceTree = "<group>"; };
		345767A0246E604000322387 /* TimeZone.swift */ = {isa = PBXFileReference; lastKnownFileType = sourcecode.swift; path = TimeZone.swift; sourceTree = "<group>"; };
		345A8A002471E14A004676E0 /* UserImageCache.swift */ = {isa = PBXFileReference; lastKnownFileType = sourcecode.swift; path = UserImageCache.swift; sourceTree = "<group>"; };
		34E76ACB246F4CBF0030AE73 /* UserSearchCellViewModel.swift */ = {isa = PBXFileReference; lastKnownFileType = sourcecode.swift; path = UserSearchCellViewModel.swift; sourceTree = "<group>"; };
		34E76ACE246F4D380030AE73 /* User+PersonNameComponents.swift */ = {isa = PBXFileReference; lastKnownFileType = sourcecode.swift; path = "User+PersonNameComponents.swift"; sourceTree = "<group>"; };
		34E76AD0246F51EA0030AE73 /* User+PostalAddress.swift */ = {isa = PBXFileReference; lastKnownFileType = sourcecode.swift; path = "User+PostalAddress.swift"; sourceTree = "<group>"; };
		34E76AD2246F52610030AE73 /* User+CountryFlag.swift */ = {isa = PBXFileReference; lastKnownFileType = sourcecode.swift; path = "User+CountryFlag.swift"; sourceTree = "<group>"; };
		34E76AD4246F5A460030AE73 /* UserDisplayNameFormatter.swift */ = {isa = PBXFileReference; lastKnownFileType = sourcecode.swift; path = UserDisplayNameFormatter.swift; sourceTree = "<group>"; };
		34EC17892466066900CA873F /* Directory.app */ = {isa = PBXFileReference; explicitFileType = wrapper.application; includeInIndex = 0; path = Directory.app; sourceTree = BUILT_PRODUCTS_DIR; };
		34EC178C2466066900CA873F /* AppDelegate.swift */ = {isa = PBXFileReference; lastKnownFileType = sourcecode.swift; path = AppDelegate.swift; sourceTree = "<group>"; };
		34EC178E2466066900CA873F /* SceneDelegate.swift */ = {isa = PBXFileReference; lastKnownFileType = sourcecode.swift; path = SceneDelegate.swift; sourceTree = "<group>"; };
		34EC17902466066900CA873F /* SearchSplitViewController.swift */ = {isa = PBXFileReference; lastKnownFileType = sourcecode.swift; path = SearchSplitViewController.swift; sourceTree = "<group>"; };
		34EC17932466066900CA873F /* Base */ = {isa = PBXFileReference; lastKnownFileType = file.storyboard; name = Base; path = Base.lproj/Main.storyboard; sourceTree = "<group>"; };
		34EC17952466066B00CA873F /* Assets.xcassets */ = {isa = PBXFileReference; lastKnownFileType = folder.assetcatalog; path = Assets.xcassets; sourceTree = "<group>"; };
		34EC17982466066B00CA873F /* Base */ = {isa = PBXFileReference; lastKnownFileType = file.storyboard; name = Base; path = Base.lproj/LaunchScreen.storyboard; sourceTree = "<group>"; };
		34EC179A2466066B00CA873F /* Info.plist */ = {isa = PBXFileReference; lastKnownFileType = text.plist.xml; path = Info.plist; sourceTree = "<group>"; };
		34EC179E246608C500CA873F /* UserSearchTableViewController.swift */ = {isa = PBXFileReference; lastKnownFileType = sourcecode.swift; path = UserSearchTableViewController.swift; sourceTree = "<group>"; };
		34EC17A6246613A400CA873F /* User.swift */ = {isa = PBXFileReference; lastKnownFileType = sourcecode.swift; path = User.swift; sourceTree = "<group>"; };
		34EC17A8246615DE00CA873F /* User+Location.swift */ = {isa = PBXFileReference; lastKnownFileType = sourcecode.swift; path = "User+Location.swift"; sourceTree = "<group>"; };
		34EC17AA246615F900CA873F /* User+Name.swift */ = {isa = PBXFileReference; lastKnownFileType = sourcecode.swift; path = "User+Name.swift"; sourceTree = "<group>"; };
		34EC17AC2466161300CA873F /* User+PhoneNumbers.swift */ = {isa = PBXFileReference; lastKnownFileType = sourcecode.swift; path = "User+PhoneNumbers.swift"; sourceTree = "<group>"; };
		34EC17AE2466163000CA873F /* User+ImageSize.swift */ = {isa = PBXFileReference; lastKnownFileType = sourcecode.swift; path = "User+ImageSize.swift"; sourceTree = "<group>"; };
		34EC17B02466164500CA873F /* User+Nationality.swift */ = {isa = PBXFileReference; lastKnownFileType = sourcecode.swift; path = "User+Nationality.swift"; sourceTree = "<group>"; };
		34EC17B6246616D700CA873F /* UnitTests.xctest */ = {isa = PBXFileReference; explicitFileType = wrapper.cfbundle; includeInIndex = 0; path = UnitTests.xctest; sourceTree = BUILT_PRODUCTS_DIR; };
		34EC17BA246616D700CA873F /* Info.plist */ = {isa = PBXFileReference; lastKnownFileType = text.plist.xml; path = Info.plist; sourceTree = "<group>"; };
		34EC17C3246616FD00CA873F /* TestFixtures.swift */ = {isa = PBXFileReference; lastKnownFileType = sourcecode.swift; path = TestFixtures.swift; sourceTree = "<group>"; };
		34EC17C5246617D800CA873F /* singleUser.json */ = {isa = PBXFileReference; lastKnownFileType = text.json; path = singleUser.json; sourceTree = "<group>"; };
		34EC17C72466181D00CA873F /* UserTests.swift */ = {isa = PBXFileReference; lastKnownFileType = sourcecode.swift; path = UserTests.swift; sourceTree = "<group>"; };
		34EC17CF2466192000CA873F /* UserSearchResponse.swift */ = {isa = PBXFileReference; lastKnownFileType = sourcecode.swift; path = UserSearchResponse.swift; sourceTree = "<group>"; };
		34EC17D12466195400CA873F /* UserSearchResponseTests.swift */ = {isa = PBXFileReference; lastKnownFileType = sourcecode.swift; path = UserSearchResponseTests.swift; sourceTree = "<group>"; };
		34EC17D3246619AE00CA873F /* singleUserSearchResponse.json */ = {isa = PBXFileReference; lastKnownFileType = text.json; path = singleUserSearchResponse.json; sourceTree = "<group>"; };
		34EC17D624661A8300CA873F /* emptyUserSearchResponse.json */ = {isa = PBXFileReference; lastKnownFileType = text.json; path = emptyUserSearchResponse.json; sourceTree = "<group>"; };
		34EC17D824661AC800CA873F /* multipleUserSearchResponse.json */ = {isa = PBXFileReference; fileEncoding = 4; lastKnownFileType = text.json; path = multipleUserSearchResponse.json; sourceTree = "<group>"; };
		34EC17DB246621B500CA873F /* UsersDataProvider.swift */ = {isa = PBXFileReference; lastKnownFileType = sourcecode.swift; path = UsersDataProvider.swift; sourceTree = "<group>"; };
		34EC17DE246621EE00CA873F /* UsersService.swift */ = {isa = PBXFileReference; lastKnownFileType = sourcecode.swift; path = UsersService.swift; sourceTree = "<group>"; };
		34EC17E12466227100CA873F /* UserSearchViewModel.swift */ = {isa = PBXFileReference; lastKnownFileType = sourcecode.swift; path = UserSearchViewModel.swift; sourceTree = "<group>"; };
		34EC17E62466259D00CA873F /* DefaultUsersDataProvider.swift */ = {isa = PBXFileReference; lastKnownFileType = sourcecode.swift; path = DefaultUsersDataProvider.swift; sourceTree = "<group>"; };
		34EC17E8246625C100CA873F /* HerokuV1UsersService.swift */ = {isa = PBXFileReference; lastKnownFileType = sourcecode.swift; path = HerokuV1UsersService.swift; sourceTree = "<group>"; };
		34EC17EB24663BE500CA873F /* Error.swift */ = {isa = PBXFileReference; lastKnownFileType = sourcecode.swift; path = Error.swift; sourceTree = "<group>"; };
		34EC17ED2469BBAE00CA873F /* UserSearchTableViewCell.swift */ = {isa = PBXFileReference; lastKnownFileType = sourcecode.swift; path = UserSearchTableViewCell.swift; sourceTree = "<group>"; };
		34EC17EF2469C3F800CA873F /* UserViewModel.swift */ = {isa = PBXFileReference; lastKnownFileType = sourcecode.swift; path = UserViewModel.swift; sourceTree = "<group>"; };
/* End PBXFileReference section */

/* Begin PBXFrameworksBuildPhase section */
		34EC17862466066900CA873F /* Frameworks */ = {
			isa = PBXFrameworksBuildPhase;
			buildActionMask = 2147483647;
			files = (
			);
			runOnlyForDeploymentPostprocessing = 0;
		};
		34EC17B3246616D700CA873F /* Frameworks */ = {
			isa = PBXFrameworksBuildPhase;
			buildActionMask = 2147483647;
			files = (
			);
			runOnlyForDeploymentPostprocessing = 0;
		};
/* End PBXFrameworksBuildPhase section */

/* Begin PBXGroup section */
		340F5F4D246E21D5008342F2 /* Search View */ = {
			isa = PBXGroup;
			children = (
				34E76ACB246F4CBF0030AE73 /* UserSearchCellViewModel.swift */,
				34EC17ED2469BBAE00CA873F /* UserSearchTableViewCell.swift */,
				34EC17E12466227100CA873F /* UserSearchViewModel.swift */,
				34EC179E246608C500CA873F /* UserSearchTableViewController.swift */,
			);
			path = "Search View";
			sourceTree = "<group>";
		};
		340F5F4E246E21F1008342F2 /* User View */ = {
			isa = PBXGroup;
			children = (
				34EC17EF2469C3F800CA873F /* UserViewModel.swift */,
				3451399E246DFE8B00EE21D6 /* UserTableViewCell.swift */,
				345139332469F10300EE21D6 /* UserTableViewController.swift */,
			);
			path = "User View";
			sourceTree = "<group>";
		};
		34E76ACD246F4D250030AE73 /* Model Extensions */ = {
			isa = PBXGroup;
			children = (
				34E76ACE246F4D380030AE73 /* User+PersonNameComponents.swift */,
				34E76AD0246F51EA0030AE73 /* User+PostalAddress.swift */,
				34E76AD2246F52610030AE73 /* User+CountryFlag.swift */,
			);
			path = "Model Extensions";
			sourceTree = "<group>";
		};
		34EC177E2465FF7600CA873F = {
			isa = PBXGroup;
			children = (
				34EC178B2466066900CA873F /* Directory-iOS */,
				34EC17B7246616D700CA873F /* UnitTests */,
				34EC178A2466066900CA873F /* Products */,
			);
			sourceTree = "<group>";
		};
		34EC178A2466066900CA873F /* Products */ = {
			isa = PBXGroup;
			children = (
				34EC17892466066900CA873F /* Directory.app */,
				34EC17B6246616D700CA873F /* UnitTests.xctest */,
			);
			name = Products;
			sourceTree = "<group>";
		};
		34EC178B2466066900CA873F /* Directory-iOS */ = {
			isa = PBXGroup;
			children = (
				34EC17EA24663BD200CA873F /* Utilities */,
				34EC17DD246621E100CA873F /* Services */,
				34EC17DA246621A200CA873F /* DataProvider */,
				34EC17A52466139A00CA873F /* Model */,
				34E76ACD246F4D250030AE73 /* Model Extensions */,
				340F5F4E246E21F1008342F2 /* User View */,
				340F5F4D246E21D5008342F2 /* Search View */,
				34EC178C2466066900CA873F /* AppDelegate.swift */,
				34EC178E2466066900CA873F /* SceneDelegate.swift */,
				34EC17902466066900CA873F /* SearchSplitViewController.swift */,
				34EC17922466066900CA873F /* Main.storyboard */,
				34EC17952466066B00CA873F /* Assets.xcassets */,
				34EC17972466066B00CA873F /* LaunchScreen.storyboard */,
				34EC179A2466066B00CA873F /* Info.plist */,
			);
			path = "Directory-iOS";
			sourceTree = "<group>";
		};
		34EC17A52466139A00CA873F /* Model */ = {
			isa = PBXGroup;
			children = (
				34EC17A6246613A400CA873F /* User.swift */,
				34EC17AA246615F900CA873F /* User+Name.swift */,
				34EC17A8246615DE00CA873F /* User+Location.swift */,
				34EC17AC2466161300CA873F /* User+PhoneNumbers.swift */,
				34EC17AE2466163000CA873F /* User+ImageSize.swift */,
				34EC17B02466164500CA873F /* User+Nationality.swift */,
				34EC17CF2466192000CA873F /* UserSearchResponse.swift */,
			);
			path = Model;
			sourceTree = "<group>";
		};
		34EC17B7246616D700CA873F /* UnitTests */ = {
			isa = PBXGroup;
			children = (
				34EC17C72466181D00CA873F /* UserTests.swift */,
				34EC17D12466195400CA873F /* UserSearchResponseTests.swift */,
				34EC17C2246616F200CA873F /* Fixtures */,
				34EC17BA246616D700CA873F /* Info.plist */,
			);
			path = UnitTests;
			sourceTree = "<group>";
		};
		34EC17C2246616F200CA873F /* Fixtures */ = {
			isa = PBXGroup;
			children = (
				34EC17C3246616FD00CA873F /* TestFixtures.swift */,
				34EC17C5246617D800CA873F /* singleUser.json */,
				34EC17D3246619AE00CA873F /* singleUserSearchResponse.json */,
				34EC17D624661A8300CA873F /* emptyUserSearchResponse.json */,
				34EC17D824661AC800CA873F /* multipleUserSearchResponse.json */,
			);
			path = Fixtures;
			sourceTree = "<group>";
		};
		34EC17DA246621A200CA873F /* DataProvider */ = {
			isa = PBXGroup;
			children = (
				34EC17DB246621B500CA873F /* UsersDataProvider.swift */,
				34EC17E62466259D00CA873F /* DefaultUsersDataProvider.swift */,
			);
			path = DataProvider;
			sourceTree = "<group>";
		};
		34EC17DD246621E100CA873F /* Services */ = {
			isa = PBXGroup;
			children = (
				34EC17DE246621EE00CA873F /* UsersService.swift */,
				34EC17E8246625C100CA873F /* HerokuV1UsersService.swift */,
			);
			path = Services;
			sourceTree = "<group>";
		};
		34EC17EA24663BD200CA873F /* Utilities */ = {
			isa = PBXGroup;
			children = (
				34EC17EB24663BE500CA873F /* Error.swift */,
				345767A0246E604000322387 /* TimeZone.swift */,
				3451399C246DDB6400EE21D6 /* UIStoryboard.swift */,
				340F5F49246E1F80008342F2 /* UIApplication.swift */,
				340F5F4B246E21AE008342F2 /* TableViewCellAccessory.swift */,
				34E76AD4246F5A460030AE73 /* UserDisplayNameFormatter.swift */,
				345A8A002471E14A004676E0 /* UserImageCache.swift */,
			);
			path = Utilities;
			sourceTree = "<group>";
		};
/* End PBXGroup section */

/* Begin PBXNativeTarget section */
		34EC17882466066900CA873F /* Directory-iOS */ = {
			isa = PBXNativeTarget;
			buildConfigurationList = 34EC179D2466066B00CA873F /* Build configuration list for PBXNativeTarget "Directory-iOS" */;
			buildPhases = (
				34EC17852466066900CA873F /* Sources */,
				34EC17862466066900CA873F /* Frameworks */,
				34EC17872466066900CA873F /* Resources */,
			);
			buildRules = (
			);
			dependencies = (
			);
			name = "Directory-iOS";
			productName = "Directory-iOS";
			productReference = 34EC17892466066900CA873F /* Directory.app */;
			productType = "com.apple.product-type.application";
		};
		34EC17B5246616D700CA873F /* UnitTests */ = {
			isa = PBXNativeTarget;
			buildConfigurationList = 34EC17BD246616D700CA873F /* Build configuration list for PBXNativeTarget "UnitTests" */;
			buildPhases = (
				34EC17B2246616D700CA873F /* Sources */,
				34EC17B3246616D700CA873F /* Frameworks */,
				34EC17B4246616D700CA873F /* Resources */,
			);
			buildRules = (
			);
			dependencies = (
				34EC17BC246616D700CA873F /* PBXTargetDependency */,
			);
			name = UnitTests;
			productName = UnitTests;
			productReference = 34EC17B6246616D700CA873F /* UnitTests.xctest */;
			productType = "com.apple.product-type.bundle.unit-test";
		};
/* End PBXNativeTarget section */

/* Begin PBXProject section */
		34EC177F2465FF7600CA873F /* Project object */ = {
			isa = PBXProject;
			attributes = {
				LastSwiftUpdateCheck = 1140;
				LastUpgradeCheck = 1140;
				TargetAttributes = {
					34EC17882466066900CA873F = {
						CreatedOnToolsVersion = 11.4.1;
					};
					34EC17B5246616D700CA873F = {
						CreatedOnToolsVersion = 11.4.1;
						TestTargetID = 34EC17882466066900CA873F;
					};
				};
			};
			buildConfigurationList = 34EC17822465FF7600CA873F /* Build configuration list for PBXProject "CodingExercise" */;
			compatibilityVersion = "Xcode 9.3";
			developmentRegion = en;
			hasScannedForEncodings = 0;
			knownRegions = (
				en,
				Base,
			);
			mainGroup = 34EC177E2465FF7600CA873F;
			productRefGroup = 34EC178A2466066900CA873F /* Products */;
			projectDirPath = "";
			projectRoot = "";
			targets = (
				34EC17882466066900CA873F /* Directory-iOS */,
				34EC17B5246616D700CA873F /* UnitTests */,
			);
		};
/* End PBXProject section */

/* Begin PBXResourcesBuildPhase section */
		34EC17872466066900CA873F /* Resources */ = {
			isa = PBXResourcesBuildPhase;
			buildActionMask = 2147483647;
			files = (
				34EC17992466066B00CA873F /* LaunchScreen.storyboard in Resources */,
				34EC17962466066B00CA873F /* Assets.xcassets in Resources */,
				34EC17942466066900CA873F /* Main.storyboard in Resources */,
			);
			runOnlyForDeploymentPostprocessing = 0;
		};
		34EC17B4246616D700CA873F /* Resources */ = {
			isa = PBXResourcesBuildPhase;
			buildActionMask = 2147483647;
			files = (
				34EC17C6246617D800CA873F /* singleUser.json in Resources */,
				34EC17D724661A8300CA873F /* emptyUserSearchResponse.json in Resources */,
				34EC17D4246619AE00CA873F /* singleUserSearchResponse.json in Resources */,
				34EC17D924661AC800CA873F /* multipleUserSearchResponse.json in Resources */,
			);
			runOnlyForDeploymentPostprocessing = 0;
		};
/* End PBXResourcesBuildPhase section */

/* Begin PBXSourcesBuildPhase section */
		34EC17852466066900CA873F /* Sources */ = {
			isa = PBXSourcesBuildPhase;
			buildActionMask = 2147483647;
			files = (
				340F5F4A246E1F80008342F2 /* UIApplication.swift in Sources */,
				34EC17D02466192000CA873F /* UserSearchResponse.swift in Sources */,
				34EC17DC246621B500CA873F /* UsersDataProvider.swift in Sources */,
				34E76ACC246F4CBF0030AE73 /* UserSearchCellViewModel.swift in Sources */,
				3451399F246DFE8B00EE21D6 /* UserTableViewCell.swift in Sources */,
				345A89FD246F6D79004676E0 /* User+ImageSize.swift in Sources */,
				34EC17DF246621EE00CA873F /* UsersService.swift in Sources */,
				34EC17E9246625C100CA873F /* HerokuV1UsersService.swift in Sources */,
				34E76AD5246F5A460030AE73 /* UserDisplayNameFormatter.swift in Sources */,
				34EC17AB246615F900CA873F /* User+Name.swift in Sources */,
				345767A1246E604000322387 /* TimeZone.swift in Sources */,
				34EC17912466066900CA873F /* SearchSplitViewController.swift in Sources */,
				34E76AD1246F51EA0030AE73 /* User+PostalAddress.swift in Sources */,
				3451399D246DDB6400EE21D6 /* UIStoryboard.swift in Sources */,
				34EC17E72466259D00CA873F /* DefaultUsersDataProvider.swift in Sources */,
				34E76AD3246F52610030AE73 /* User+CountryFlag.swift in Sources */,
				34EC17AD2466161300CA873F /* User+PhoneNumbers.swift in Sources */,
				34EC179F246608C500CA873F /* UserSearchTableViewController.swift in Sources */,
				34E76ACF246F4D380030AE73 /* User+PersonNameComponents.swift in Sources */,
				34EC17EE2469BBAE00CA873F /* UserSearchTableViewCell.swift in Sources */,
				345139342469F10300EE21D6 /* UserTableViewController.swift in Sources */,
				340F5F4C246E21AE008342F2 /* TableViewCellAccessory.swift in Sources */,
				34EC17EC24663BE500CA873F /* Error.swift in Sources */,
				34EC17E22466227100CA873F /* UserSearchViewModel.swift in Sources */,
				34EC178D2466066900CA873F /* AppDelegate.swift in Sources */,
				34EC17F02469C3F800CA873F /* UserViewModel.swift in Sources */,
				34EC17A7246613A400CA873F /* User.swift in Sources */,
				345A8A012471E14A004676E0 /* UserImageCache.swift in Sources */,
				34EC178F2466066900CA873F /* SceneDelegate.swift in Sources */,
				34EC17B12466164500CA873F /* User+Nationality.swift in Sources */,
				34EC17A9246615DE00CA873F /* User+Location.swift in Sources */,
			);
			runOnlyForDeploymentPostprocessing = 0;
		};
		34EC17B2246616D700CA873F /* Sources */ = {
			isa = PBXSourcesBuildPhase;
			buildActionMask = 2147483647;
			files = (
				34EC17CB2466186400CA873F /* User+Location.swift in Sources */,
				34EC17D22466195400CA873F /* UserSearchResponseTests.swift in Sources */,
				34EC17C82466181D00CA873F /* UserTests.swift in Sources */,
				34EC17CC2466186400CA873F /* User+PhoneNumbers.swift in Sources */,
				34EC17CA2466186400CA873F /* User+Name.swift in Sources */,
				34EC17D5246619C200CA873F /* UserSearchResponse.swift in Sources */,
				34EC17C4246616FD00CA873F /* TestFixtures.swift in Sources */,
				34EC17C92466186400CA873F /* User.swift in Sources */,
				34EC17CD2466186400CA873F /* User+ImageSize.swift in Sources */,
				34EC17CE2466186400CA873F /* User+Nationality.swift in Sources */,
			);
			runOnlyForDeploymentPostprocessing = 0;
		};
/* End PBXSourcesBuildPhase section */

/* Begin PBXTargetDependency section */
		34EC17BC246616D700CA873F /* PBXTargetDependency */ = {
			isa = PBXTargetDependency;
			target = 34EC17882466066900CA873F /* Directory-iOS */;
			targetProxy = 34EC17BB246616D700CA873F /* PBXContainerItemProxy */;
		};
/* End PBXTargetDependency section */

/* Begin PBXVariantGroup section */
		34EC17922466066900CA873F /* Main.storyboard */ = {
			isa = PBXVariantGroup;
			children = (
				34EC17932466066900CA873F /* Base */,
			);
			name = Main.storyboard;
			sourceTree = "<group>";
		};
		34EC17972466066B00CA873F /* LaunchScreen.storyboard */ = {
			isa = PBXVariantGroup;
			children = (
				34EC17982466066B00CA873F /* Base */,
			);
			name = LaunchScreen.storyboard;
			sourceTree = "<group>";
		};
/* End PBXVariantGroup section */

/* Begin XCBuildConfiguration section */
		34EC17832465FF7600CA873F /* Debug */ = {
			isa = XCBuildConfiguration;
			buildSettings = {
			};
			name = Debug;
		};
		34EC17842465FF7600CA873F /* Release */ = {
			isa = XCBuildConfiguration;
			buildSettings = {
			};
			name = Release;
		};
		34EC179B2466066B00CA873F /* Debug */ = {
			isa = XCBuildConfiguration;
			buildSettings = {
				ALWAYS_SEARCH_USER_PATHS = NO;
				ASSETCATALOG_COMPILER_APPICON_NAME = AppIcon;
				CLANG_ANALYZER_NONNULL = YES;
				CLANG_ANALYZER_NUMBER_OBJECT_CONVERSION = YES_AGGRESSIVE;
				CLANG_CXX_LANGUAGE_STANDARD = "gnu++14";
				CLANG_CXX_LIBRARY = "libc++";
				CLANG_ENABLE_MODULES = YES;
				CLANG_ENABLE_OBJC_ARC = YES;
				CLANG_ENABLE_OBJC_WEAK = YES;
				CLANG_WARN_BLOCK_CAPTURE_AUTORELEASING = YES;
				CLANG_WARN_BOOL_CONVERSION = YES;
				CLANG_WARN_COMMA = YES;
				CLANG_WARN_CONSTANT_CONVERSION = YES;
				CLANG_WARN_DEPRECATED_OBJC_IMPLEMENTATIONS = YES;
				CLANG_WARN_DIRECT_OBJC_ISA_USAGE = YES_ERROR;
				CLANG_WARN_DOCUMENTATION_COMMENTS = YES;
				CLANG_WARN_EMPTY_BODY = YES;
				CLANG_WARN_ENUM_CONVERSION = YES;
				CLANG_WARN_INFINITE_RECURSION = YES;
				CLANG_WARN_INT_CONVERSION = YES;
				CLANG_WARN_NON_LITERAL_NULL_CONVERSION = YES;
				CLANG_WARN_OBJC_IMPLICIT_RETAIN_SELF = YES;
				CLANG_WARN_OBJC_LITERAL_CONVERSION = YES;
				CLANG_WARN_OBJC_ROOT_CLASS = YES_ERROR;
				CLANG_WARN_RANGE_LOOP_ANALYSIS = YES;
				CLANG_WARN_STRICT_PROTOTYPES = YES;
				CLANG_WARN_SUSPICIOUS_MOVE = YES;
				CLANG_WARN_UNGUARDED_AVAILABILITY = YES_AGGRESSIVE;
				CLANG_WARN_UNREACHABLE_CODE = YES;
				CLANG_WARN__DUPLICATE_METHOD_MATCH = YES;
				CODE_SIGN_STYLE = Automatic;
				COPY_PHASE_STRIP = NO;
				DEBUG_INFORMATION_FORMAT = dwarf;
				DEVELOPMENT_TEAM = ZG2V258M35;
				ENABLE_STRICT_OBJC_MSGSEND = YES;
				ENABLE_TESTABILITY = YES;
				GCC_C_LANGUAGE_STANDARD = gnu11;
				GCC_DYNAMIC_NO_PIC = NO;
				GCC_NO_COMMON_BLOCKS = YES;
				GCC_OPTIMIZATION_LEVEL = 0;
				GCC_PREPROCESSOR_DEFINITIONS = (
					"DEBUG=1",
					"$(inherited)",
				);
				GCC_WARN_64_TO_32_BIT_CONVERSION = YES;
				GCC_WARN_ABOUT_RETURN_TYPE = YES_ERROR;
				GCC_WARN_UNDECLARED_SELECTOR = YES;
				GCC_WARN_UNINITIALIZED_AUTOS = YES_AGGRESSIVE;
				GCC_WARN_UNUSED_FUNCTION = YES;
				GCC_WARN_UNUSED_VARIABLE = YES;
				INFOPLIST_FILE = "Directory-iOS/Info.plist";
				IPHONEOS_DEPLOYMENT_TARGET = 13.4;
				LD_RUNPATH_SEARCH_PATHS = (
					"$(inherited)",
					"@executable_path/Frameworks",
				);
				MTL_ENABLE_DEBUG_INFO = INCLUDE_SOURCE;
				MTL_FAST_MATH = YES;
				ONLY_ACTIVE_ARCH = YES;
				PRODUCT_BUNDLE_IDENTIFIER = com.mattnunes.directory;
				PRODUCT_NAME = Directory;
				SDKROOT = iphoneos;
				SWIFT_ACTIVE_COMPILATION_CONDITIONS = DEBUG;
				SWIFT_OPTIMIZATION_LEVEL = "-Onone";
				SWIFT_VERSION = 5.0;
				TARGETED_DEVICE_FAMILY = "1,2";
			};
			name = Debug;
		};
		34EC179C2466066B00CA873F /* Release */ = {
			isa = XCBuildConfiguration;
			buildSettings = {
				ALWAYS_SEARCH_USER_PATHS = NO;
				ASSETCATALOG_COMPILER_APPICON_NAME = AppIcon;
				CLANG_ANALYZER_NONNULL = YES;
				CLANG_ANALYZER_NUMBER_OBJECT_CONVERSION = YES_AGGRESSIVE;
				CLANG_CXX_LANGUAGE_STANDARD = "gnu++14";
				CLANG_CXX_LIBRARY = "libc++";
				CLANG_ENABLE_MODULES = YES;
				CLANG_ENABLE_OBJC_ARC = YES;
				CLANG_ENABLE_OBJC_WEAK = YES;
				CLANG_WARN_BLOCK_CAPTURE_AUTORELEASING = YES;
				CLANG_WARN_BOOL_CONVERSION = YES;
				CLANG_WARN_COMMA = YES;
				CLANG_WARN_CONSTANT_CONVERSION = YES;
				CLANG_WARN_DEPRECATED_OBJC_IMPLEMENTATIONS = YES;
				CLANG_WARN_DIRECT_OBJC_ISA_USAGE = YES_ERROR;
				CLANG_WARN_DOCUMENTATION_COMMENTS = YES;
				CLANG_WARN_EMPTY_BODY = YES;
				CLANG_WARN_ENUM_CONVERSION = YES;
				CLANG_WARN_INFINITE_RECURSION = YES;
				CLANG_WARN_INT_CONVERSION = YES;
				CLANG_WARN_NON_LITERAL_NULL_CONVERSION = YES;
				CLANG_WARN_OBJC_IMPLICIT_RETAIN_SELF = YES;
				CLANG_WARN_OBJC_LITERAL_CONVERSION = YES;
				CLANG_WARN_OBJC_ROOT_CLASS = YES_ERROR;
				CLANG_WARN_RANGE_LOOP_ANALYSIS = YES;
				CLANG_WARN_STRICT_PROTOTYPES = YES;
				CLANG_WARN_SUSPICIOUS_MOVE = YES;
				CLANG_WARN_UNGUARDED_AVAILABILITY = YES_AGGRESSIVE;
				CLANG_WARN_UNREACHABLE_CODE = YES;
				CLANG_WARN__DUPLICATE_METHOD_MATCH = YES;
				CODE_SIGN_STYLE = Automatic;
				COPY_PHASE_STRIP = NO;
				DEBUG_INFORMATION_FORMAT = "dwarf-with-dsym";
				DEVELOPMENT_TEAM = ZG2V258M35;
				ENABLE_NS_ASSERTIONS = NO;
				ENABLE_STRICT_OBJC_MSGSEND = YES;
				GCC_C_LANGUAGE_STANDARD = gnu11;
				GCC_NO_COMMON_BLOCKS = YES;
				GCC_WARN_64_TO_32_BIT_CONVERSION = YES;
				GCC_WARN_ABOUT_RETURN_TYPE = YES_ERROR;
				GCC_WARN_UNDECLARED_SELECTOR = YES;
				GCC_WARN_UNINITIALIZED_AUTOS = YES_AGGRESSIVE;
				GCC_WARN_UNUSED_FUNCTION = YES;
				GCC_WARN_UNUSED_VARIABLE = YES;
				INFOPLIST_FILE = "Directory-iOS/Info.plist";
				IPHONEOS_DEPLOYMENT_TARGET = 13.4;
				LD_RUNPATH_SEARCH_PATHS = (
					"$(inherited)",
					"@executable_path/Frameworks",
				);
				MTL_ENABLE_DEBUG_INFO = NO;
				MTL_FAST_MATH = YES;
				PRODUCT_BUNDLE_IDENTIFIER = com.mattnunes.directory;
				PRODUCT_NAME = Directory;
				SDKROOT = iphoneos;
				SWIFT_COMPILATION_MODE = wholemodule;
				SWIFT_OPTIMIZATION_LEVEL = "-O";
				SWIFT_VERSION = 5.0;
				TARGETED_DEVICE_FAMILY = "1,2";
				VALIDATE_PRODUCT = YES;
			};
			name = Release;
		};
		34EC17BE246616D700CA873F /* Debug */ = {
			isa = XCBuildConfiguration;
			buildSettings = {
				ALWAYS_SEARCH_USER_PATHS = NO;
				BUNDLE_LOADER = "$(TEST_HOST)";
				CLANG_ANALYZER_NONNULL = YES;
				CLANG_ANALYZER_NUMBER_OBJECT_CONVERSION = YES_AGGRESSIVE;
				CLANG_CXX_LANGUAGE_STANDARD = "gnu++14";
				CLANG_CXX_LIBRARY = "libc++";
				CLANG_ENABLE_MODULES = YES;
				CLANG_ENABLE_OBJC_ARC = YES;
				CLANG_ENABLE_OBJC_WEAK = YES;
				CLANG_WARN_BLOCK_CAPTURE_AUTORELEASING = YES;
				CLANG_WARN_BOOL_CONVERSION = YES;
				CLANG_WARN_COMMA = YES;
				CLANG_WARN_CONSTANT_CONVERSION = YES;
				CLANG_WARN_DEPRECATED_OBJC_IMPLEMENTATIONS = YES;
				CLANG_WARN_DIRECT_OBJC_ISA_USAGE = YES_ERROR;
				CLANG_WARN_DOCUMENTATION_COMMENTS = YES;
				CLANG_WARN_EMPTY_BODY = YES;
				CLANG_WARN_ENUM_CONVERSION = YES;
				CLANG_WARN_INFINITE_RECURSION = YES;
				CLANG_WARN_INT_CONVERSION = YES;
				CLANG_WARN_NON_LITERAL_NULL_CONVERSION = YES;
				CLANG_WARN_OBJC_IMPLICIT_RETAIN_SELF = YES;
				CLANG_WARN_OBJC_LITERAL_CONVERSION = YES;
				CLANG_WARN_OBJC_ROOT_CLASS = YES_ERROR;
				CLANG_WARN_RANGE_LOOP_ANALYSIS = YES;
				CLANG_WARN_STRICT_PROTOTYPES = YES;
				CLANG_WARN_SUSPICIOUS_MOVE = YES;
				CLANG_WARN_UNGUARDED_AVAILABILITY = YES_AGGRESSIVE;
				CLANG_WARN_UNREACHABLE_CODE = YES;
				CLANG_WARN__DUPLICATE_METHOD_MATCH = YES;
				CODE_SIGN_STYLE = Automatic;
				COPY_PHASE_STRIP = NO;
				DEBUG_INFORMATION_FORMAT = dwarf;
				DEVELOPMENT_TEAM = ZG2V258M35;
				ENABLE_STRICT_OBJC_MSGSEND = YES;
				ENABLE_TESTABILITY = YES;
				GCC_C_LANGUAGE_STANDARD = gnu11;
				GCC_DYNAMIC_NO_PIC = NO;
				GCC_NO_COMMON_BLOCKS = YES;
				GCC_OPTIMIZATION_LEVEL = 0;
				GCC_PREPROCESSOR_DEFINITIONS = (
					"DEBUG=1",
					"$(inherited)",
				);
				GCC_WARN_64_TO_32_BIT_CONVERSION = YES;
				GCC_WARN_ABOUT_RETURN_TYPE = YES_ERROR;
				GCC_WARN_UNDECLARED_SELECTOR = YES;
				GCC_WARN_UNINITIALIZED_AUTOS = YES_AGGRESSIVE;
				GCC_WARN_UNUSED_FUNCTION = YES;
				GCC_WARN_UNUSED_VARIABLE = YES;
				INFOPLIST_FILE = UnitTests/Info.plist;
				IPHONEOS_DEPLOYMENT_TARGET = 13.4;
				LD_RUNPATH_SEARCH_PATHS = (
					"$(inherited)",
					"@executable_path/Frameworks",
					"@loader_path/Frameworks",
				);
				MTL_ENABLE_DEBUG_INFO = INCLUDE_SOURCE;
				MTL_FAST_MATH = YES;
				ONLY_ACTIVE_ARCH = YES;
				PRODUCT_BUNDLE_IDENTIFIER = com.mattnunes.UnitTests;
				PRODUCT_NAME = "$(TARGET_NAME)";
				SDKROOT = iphoneos;
				SWIFT_ACTIVE_COMPILATION_CONDITIONS = DEBUG;
				SWIFT_OPTIMIZATION_LEVEL = "-Onone";
				SWIFT_VERSION = 5.0;
				TARGETED_DEVICE_FAMILY = "1,2";
				TEST_HOST = "$(BUILT_PRODUCTS_DIR)/Directory.app/Directory";
			};
			name = Debug;
		};
		34EC17BF246616D700CA873F /* Release */ = {
			isa = XCBuildConfiguration;
			buildSettings = {
				ALWAYS_SEARCH_USER_PATHS = NO;
				BUNDLE_LOADER = "$(TEST_HOST)";
				CLANG_ANALYZER_NONNULL = YES;
				CLANG_ANALYZER_NUMBER_OBJECT_CONVERSION = YES_AGGRESSIVE;
				CLANG_CXX_LANGUAGE_STANDARD = "gnu++14";
				CLANG_CXX_LIBRARY = "libc++";
				CLANG_ENABLE_MODULES = YES;
				CLANG_ENABLE_OBJC_ARC = YES;
				CLANG_ENABLE_OBJC_WEAK = YES;
				CLANG_WARN_BLOCK_CAPTURE_AUTORELEASING = YES;
				CLANG_WARN_BOOL_CONVERSION = YES;
				CLANG_WARN_COMMA = YES;
				CLANG_WARN_CONSTANT_CONVERSION = YES;
				CLANG_WARN_DEPRECATED_OBJC_IMPLEMENTATIONS = YES;
				CLANG_WARN_DIRECT_OBJC_ISA_USAGE = YES_ERROR;
				CLANG_WARN_DOCUMENTATION_COMMENTS = YES;
				CLANG_WARN_EMPTY_BODY = YES;
				CLANG_WARN_ENUM_CONVERSION = YES;
				CLANG_WARN_INFINITE_RECURSION = YES;
				CLANG_WARN_INT_CONVERSION = YES;
				CLANG_WARN_NON_LITERAL_NULL_CONVERSION = YES;
				CLANG_WARN_OBJC_IMPLICIT_RETAIN_SELF = YES;
				CLANG_WARN_OBJC_LITERAL_CONVERSION = YES;
				CLANG_WARN_OBJC_ROOT_CLASS = YES_ERROR;
				CLANG_WARN_RANGE_LOOP_ANALYSIS = YES;
				CLANG_WARN_STRICT_PROTOTYPES = YES;
				CLANG_WARN_SUSPICIOUS_MOVE = YES;
				CLANG_WARN_UNGUARDED_AVAILABILITY = YES_AGGRESSIVE;
				CLANG_WARN_UNREACHABLE_CODE = YES;
				CLANG_WARN__DUPLICATE_METHOD_MATCH = YES;
				CODE_SIGN_STYLE = Automatic;
				COPY_PHASE_STRIP = NO;
				DEBUG_INFORMATION_FORMAT = "dwarf-with-dsym";
				DEVELOPMENT_TEAM = ZG2V258M35;
				ENABLE_NS_ASSERTIONS = NO;
				ENABLE_STRICT_OBJC_MSGSEND = YES;
				GCC_C_LANGUAGE_STANDARD = gnu11;
				GCC_NO_COMMON_BLOCKS = YES;
				GCC_WARN_64_TO_32_BIT_CONVERSION = YES;
				GCC_WARN_ABOUT_RETURN_TYPE = YES_ERROR;
				GCC_WARN_UNDECLARED_SELECTOR = YES;
				GCC_WARN_UNINITIALIZED_AUTOS = YES_AGGRESSIVE;
				GCC_WARN_UNUSED_FUNCTION = YES;
				GCC_WARN_UNUSED_VARIABLE = YES;
				INFOPLIST_FILE = UnitTests/Info.plist;
				IPHONEOS_DEPLOYMENT_TARGET = 13.4;
				LD_RUNPATH_SEARCH_PATHS = (
					"$(inherited)",
					"@executable_path/Frameworks",
					"@loader_path/Frameworks",
				);
				MTL_ENABLE_DEBUG_INFO = NO;
				MTL_FAST_MATH = YES;
				PRODUCT_BUNDLE_IDENTIFIER = com.mattnunes.UnitTests;
				PRODUCT_NAME = "$(TARGET_NAME)";
				SDKROOT = iphoneos;
				SWIFT_COMPILATION_MODE = wholemodule;
				SWIFT_OPTIMIZATION_LEVEL = "-O";
				SWIFT_VERSION = 5.0;
				TARGETED_DEVICE_FAMILY = "1,2";
				TEST_HOST = "$(BUILT_PRODUCTS_DIR)/Directory.app/Directory";
				VALIDATE_PRODUCT = YES;
			};
			name = Release;
		};
/* End XCBuildConfiguration section */

/* Begin XCConfigurationList section */
		34EC17822465FF7600CA873F /* Build configuration list for PBXProject "CodingExercise" */ = {
			isa = XCConfigurationList;
			buildConfigurations = (
				34EC17832465FF7600CA873F /* Debug */,
				34EC17842465FF7600CA873F /* Release */,
			);
			defaultConfigurationIsVisible = 0;
			defaultConfigurationName = Release;
		};
		34EC179D2466066B00CA873F /* Build configuration list for PBXNativeTarget "Directory-iOS" */ = {
			isa = XCConfigurationList;
			buildConfigurations = (
				34EC179B2466066B00CA873F /* Debug */,
				34EC179C2466066B00CA873F /* Release */,
			);
			defaultConfigurationIsVisible = 0;
			defaultConfigurationName = Release;
		};
		34EC17BD246616D700CA873F /* Build configuration list for PBXNativeTarget "UnitTests" */ = {
			isa = XCConfigurationList;
			buildConfigurations = (
				34EC17BE246616D700CA873F /* Debug */,
				34EC17BF246616D700CA873F /* Release */,
			);
			defaultConfigurationIsVisible = 0;
			defaultConfigurationName = Release;
		};
/* End XCConfigurationList section */
	};
	rootObject = 34EC177F2465FF7600CA873F /* Project object */;
}
